
Microsoft Visual Studio Solution File, Format Version 11.00
# Visual Studio 2010
Project("{FAE04EC0-301F-11D3-BF4B-00C04F79EFBC}") = "ObjectGL", "ObjectGL\ObjectGL.csproj", "{1EF366EC-3926-4337-A008-92FF88A0A184}"
EndProject
Project("{FAE04EC0-301F-11D3-BF4B-00C04F79EFBC}") = "ObjectGL.Tester", "ObjectGL.Tester\ObjectGL.Tester.csproj", "{E3BF8C7F-02A8-4D01-9A10-15636215AB1B}"
EndProject
Global
	GlobalSection(SolutionConfigurationPlatforms) = preSolution
		Debug|Any CPU = Debug|Any CPU
		Debug|Mixed Platforms = Debug|Mixed Platforms
		Debug|x86 = Debug|x86
		Release|Any CPU = Release|Any CPU
		Release|Mixed Platforms = Release|Mixed Platforms
		Release|x86 = Release|x86
	EndGlobalSection
	GlobalSection(ProjectConfigurationPlatforms) = postSolution
		{1EF366EC-3926-4337-A008-92FF88A0A184}.Debug|Any CPU.ActiveCfg = Debug|Any CPU
		{1EF366EC-3926-4337-A008-92FF88A0A184}.Debug|Any CPU.Build.0 = Debug|Any CPU
		{1EF366EC-3926-4337-A008-92FF88A0A184}.Debug|Mixed Platforms.ActiveCfg = Debug|Any CPU
		{1EF366EC-3926-4337-A008-92FF88A0A184}.Debug|Mixed Platforms.Build.0 = Debug|Any CPU
		{1EF366EC-3926-4337-A008-92FF88A0A184}.Debug|x86.ActiveCfg = Debug|Any CPU
		{1EF366EC-3926-4337-A008-92FF88A0A184}.Release|Any CPU.ActiveCfg = Release|Any CPU
		{1EF366EC-3926-4337-A008-92FF88A0A184}.Release|Any CPU.Build.0 = Release|Any CPU
		{1EF366EC-3926-4337-A008-92FF88A0A184}.Release|Mixed Platforms.ActiveCfg = Release|Any CPU
		{1EF366EC-3926-4337-A008-92FF88A0A184}.Release|Mixed Platforms.Build.0 = Release|Any CPU
		{1EF366EC-3926-4337-A008-92FF88A0A184}.Release|x86.ActiveCfg = Release|Any CPU
		{E3BF8C7F-02A8-4D01-9A10-15636215AB1B}.Debug|Any CPU.ActiveCfg = Debug|x86
		{E3BF8C7F-02A8-4D01-9A10-15636215AB1B}.Debug|Any CPU.Build.0 = Debug|x86
		{E3BF8C7F-02A8-4D01-9A10-15636215AB1B}.Debug|Mixed Platforms.ActiveCfg = Debug|x86
		{E3BF8C7F-02A8-4D01-9A10-15636215AB1B}.Debug|Mixed Platforms.Build.0 = Debug|x86
		{E3BF8C7F-02A8-4D01-9A10-15636215AB1B}.Debug|x86.ActiveCfg = Debug|x86
		{E3BF8C7F-02A8-4D01-9A10-15636215AB1B}.Debug|x86.Build.0 = Debug|x86
		{E3BF8C7F-02A8-4D01-9A10-15636215AB1B}.Release|Any CPU.ActiveCfg = Release|x86
		{E3BF8C7F-02A8-4D01-9A10-15636215AB1B}.Release|Any CPU.Build.0 = Release|x86
		{E3BF8C7F-02A8-4D01-9A10-15636215AB1B}.Release|Mixed Platforms.ActiveCfg = Release|x86
		{E3BF8C7F-02A8-4D01-9A10-15636215AB1B}.Release|Mixed Platforms.Build.0 = Release|x86
		{E3BF8C7F-02A8-4D01-9A10-15636215AB1B}.Release|x86.ActiveCfg = Release|x86
		{E3BF8C7F-02A8-4D01-9A10-15636215AB1B}.Release|x86.Build.0 = Release|x86
	EndGlobalSection
	GlobalSection(SolutionProperties) = preSolution
		HideSolutionNode = FALSE
	EndGlobalSection
EndGlobal
